<?xml version="1.0" encoding="UTF-8" standalone="yes" ?>
<CodeBlocks_project_file>
	<FileVersion major="1" minor="6" />
	<Project>
		<Option title="detection_vigule_fixe" />
		<Option pch_mode="2" />
		<Option compiler="gcc" />
		<Build>
			<Target title="Debug">
				<Option output="bin/Debug/detection_vigule_fixe" prefix_auto="1" extension_auto="1" />
				<Option object_output="obj/Debug/" />
				<Option type="1" />
				<Option compiler="gcc" />
				<Option parameters="vide.list url.pgm" />
				<Compiler>
					<Add option="-g" />
					<Add option="-std=c99" />
				</Compiler>
			</Target>
			<Target title="Release">
				<Option output="bin/Release/detection_vigule_fixe" prefix_auto="1" extension_auto="1" />
				<Option object_output="obj/Release/" />
				<Option type="1" />
				<Option compiler="gcc" />
				<Compiler>
					<Add option="-O2" />
				</Compiler>
				<Linker>
					<Add option="-s" />
				</Linker>
			</Target>
		</Build>
		<Compiler>
			<Add option="-Wall" />
		</Compiler>
		<Unit filename="../../image_integrale/image_integrale.h" />
		<Unit filename="../../image_integrale/image_io.c">
			<Option compilerVar="CC" />
		</Unit>
		<Unit filename="../../image_integrale/image_io.h" />
		<Unit filename="../../image_integrale/pixmap_io.c">
			<Option compilerVar="CC" />
		</Unit>
		<Unit filename="../../image_integrale/pixmap_io.h" />
		<Unit filename="../../image_scaling/image_scaling.c">
			<Option compilerVar="CC" />
		</Unit>
		<Unit filename="ajout.c">
			<Option compilerVar="CC" />
		</Unit>
		<Unit filename="ajout.h" />
		<Unit filename="detection.c">
			<Option compilerVar="CC" />
		</Unit>
		<Unit filename="detection.h" />
		<Unit filename="detector.c">
			<Option compilerVar="CC" />
		</Unit>
		<Unit filename="detector.h" />
		<Unit filename="fixed_point.c">
			<Option compilerVar="CC" />
		</Unit>
		<Unit filename="fixed_point.h" />
		<Unit filename="main.c">
			<Option compilerVar="CC" />
		</Unit>
		<Unit filename="vecteurs.c">
			<Option compilerVar="CC" />
			<Option weight="27" />
		</Unit>
		<Unit filename="vecteurs.h" />
		<Extensions>
			<code_completion />
			<debugger />
			<envvars />
		</Extensions>
	</Project>
</CodeBlocks_project_file>
